// !$*UTF8*$!
{
	archiveVersion = 1;
	classes = {
	};
	objectVersion = 56;
	objects = {

/* Begin PBXBuildFile section */
		8837088D29257C4400D7DC38 /* OperationType.swift in Sources */ = {isa = PBXBuildFile; fileRef = 8837088C29257C4400D7DC38 /* OperationType.swift */; };
		886163122924ABFB00906F3D /* Calculator_AppTests.swift in Sources */ = {isa = PBXBuildFile; fileRef = 886163112924ABFB00906F3D /* Calculator_AppTests.swift */; };
		886163192924AE3A00906F3D /* CustomButton.swift in Sources */ = {isa = PBXBuildFile; fileRef = 886163182924AE3A00906F3D /* CustomButton.swift */; };
		88C677102926195E009860C4 /* OperationController.swift in Sources */ = {isa = PBXBuildFile; fileRef = 88C6770F2926195E009860C4 /* OperationController.swift */; };
		88C67712292619C0009860C4 /* InputModel.swift in Sources */ = {isa = PBXBuildFile; fileRef = 88C67711292619C0009860C4 /* InputModel.swift */; };
		88E52661292386C800903A06 /* AppDelegate.swift in Sources */ = {isa = PBXBuildFile; fileRef = 88E52660292386C800903A06 /* AppDelegate.swift */; };
		88E52663292386C800903A06 /* SceneDelegate.swift in Sources */ = {isa = PBXBuildFile; fileRef = 88E52662292386C800903A06 /* SceneDelegate.swift */; };
		88E52665292386C800903A06 /* ViewController.swift in Sources */ = {isa = PBXBuildFile; fileRef = 88E52664292386C800903A06 /* ViewController.swift */; };
		88E52668292386C800903A06 /* Main.storyboard in Resources */ = {isa = PBXBuildFile; fileRef = 88E52666292386C800903A06 /* Main.storyboard */; };
		88E5266A292386C900903A06 /* Assets.xcassets in Resources */ = {isa = PBXBuildFile; fileRef = 88E52669292386C900903A06 /* Assets.xcassets */; };
		88E5266D292386C900903A06 /* LaunchScreen.storyboard in Resources */ = {isa = PBXBuildFile; fileRef = 88E5266B292386C900903A06 /* LaunchScreen.storyboard */; };
/* End PBXBuildFile section */

/* Begin PBXContainerItemProxy section */
		886163132924ABFB00906F3D /* PBXContainerItemProxy */ = {
			isa = PBXContainerItemProxy;
			containerPortal = 88E52655292386C800903A06 /* Project object */;
			proxyType = 1;
			remoteGlobalIDString = 88E5265C292386C800903A06;
			remoteInfo = Calculator_App;
		};
/* End PBXContainerItemProxy section */

/* Begin PBXFileReference section */
		8837088C29257C4400D7DC38 /* OperationType.swift */ = {isa = PBXFileReference; lastKnownFileType = sourcecode.swift; path = OperationType.swift; sourceTree = "<group>"; };
		8861630F2924ABFB00906F3D /* Calculator_AppTests.xctest */ = {isa = PBXFileReference; explicitFileType = wrapper.cfbundle; includeInIndex = 0; path = Calculator_AppTests.xctest; sourceTree = BUILT_PRODUCTS_DIR; };
		886163112924ABFB00906F3D /* Calculator_AppTests.swift */ = {isa = PBXFileReference; lastKnownFileType = sourcecode.swift; path = Calculator_AppTests.swift; sourceTree = "<group>"; };
		886163182924AE3A00906F3D /* CustomButton.swift */ = {isa = PBXFileReference; lastKnownFileType = sourcecode.swift; path = CustomButton.swift; sourceTree = "<group>"; };
		88C6770F2926195E009860C4 /* OperationController.swift */ = {isa = PBXFileReference; lastKnownFileType = sourcecode.swift; path = OperationController.swift; sourceTree = "<group>"; };
		88C67711292619C0009860C4 /* InputModel.swift */ = {isa = PBXFileReference; lastKnownFileType = sourcecode.swift; path = InputModel.swift; sourceTree = "<group>"; };
		88E5265D292386C800903A06 /* Calculator_App.app */ = {isa = PBXFileReference; explicitFileType = wrapper.application; includeInIndex = 0; path = Calculator_App.app; sourceTree = BUILT_PRODUCTS_DIR; };
		88E52660292386C800903A06 /* AppDelegate.swift */ = {isa = PBXFileReference; lastKnownFileType = sourcecode.swift; path = AppDelegate.swift; sourceTree = "<group>"; };
		88E52662292386C800903A06 /* SceneDelegate.swift */ = {isa = PBXFileReference; lastKnownFileType = sourcecode.swift; path = SceneDelegate.swift; sourceTree = "<group>"; };
		88E52664292386C800903A06 /* ViewController.swift */ = {isa = PBXFileReference; lastKnownFileType = sourcecode.swift; path = ViewController.swift; sourceTree = "<group>"; };
		88E52667292386C800903A06 /* Base */ = {isa = PBXFileReference; lastKnownFileType = file.storyboard; name = Base; path = Base.lproj/Main.storyboard; sourceTree = "<group>"; };
		88E52669292386C900903A06 /* Assets.xcassets */ = {isa = PBXFileReference; lastKnownFileType = folder.assetcatalog; path = Assets.xcassets; sourceTree = "<group>"; };
		88E5266C292386C900903A06 /* Base */ = {isa = PBXFileReference; lastKnownFileType = file.storyboard; name = Base; path = Base.lproj/LaunchScreen.storyboard; sourceTree = "<group>"; };
		88E5266E292386C900903A06 /* Info.plist */ = {isa = PBXFileReference; lastKnownFileType = text.plist.xml; path = Info.plist; sourceTree = "<group>"; };
/* End PBXFileReference section */

/* Begin PBXFrameworksBuildPhase section */
		8861630C2924ABFB00906F3D /* Frameworks */ = {
			isa = PBXFrameworksBuildPhase;
			buildActionMask = 2147483647;
			files = (
			);
			runOnlyForDeploymentPostprocessing = 0;
		};
		88E5265A292386C800903A06 /* Frameworks */ = {
			isa = PBXFrameworksBuildPhase;
			buildActionMask = 2147483647;
			files = (
			);
			runOnlyForDeploymentPostprocessing = 0;
		};
/* End PBXFrameworksBuildPhase section */

/* Begin PBXGroup section */
		886163102924ABFB00906F3D /* Calculator_AppTests */ = {
			isa = PBXGroup;
			children = (
				886163112924ABFB00906F3D /* Calculator_AppTests.swift */,
			);
			path = Calculator_AppTests;
			sourceTree = "<group>";
		};
		88E52654292386C800903A06 = {
			isa = PBXGroup;
			children = (
				88E5265F292386C800903A06 /* Calculator_App */,
				886163102924ABFB00906F3D /* Calculator_AppTests */,
				88E5265E292386C800903A06 /* Products */,
			);
			sourceTree = "<group>";
		};
		88E5265E292386C800903A06 /* Products */ = {
			isa = PBXGroup;
			children = (
				88E5265D292386C800903A06 /* Calculator_App.app */,
				8861630F2924ABFB00906F3D /* Calculator_AppTests.xctest */,
			);
			name = Products;
			sourceTree = "<group>";
		};
		88E5265F292386C800903A06 /* Calculator_App */ = {
			isa = PBXGroup;
			children = (
				88E52660292386C800903A06 /* AppDelegate.swift */,
				88E52662292386C800903A06 /* SceneDelegate.swift */,
				88E52664292386C800903A06 /* ViewController.swift */,
				88C67711292619C0009860C4 /* InputModel.swift */,
				88C6770F2926195E009860C4 /* OperationController.swift */,
				886163182924AE3A00906F3D /* CustomButton.swift */,
				8837088C29257C4400D7DC38 /* OperationType.swift */,
				88E52666292386C800903A06 /* Main.storyboard */,
				88E52669292386C900903A06 /* Assets.xcassets */,
				88E5266B292386C900903A06 /* LaunchScreen.storyboard */,
				88E5266E292386C900903A06 /* Info.plist */,
			);
			path = Calculator_App;
			sourceTree = "<group>";
		};
/* End PBXGroup section */

/* Begin PBXNativeTarget section */
		8861630E2924ABFB00906F3D /* Calculator_AppTests */ = {
			isa = PBXNativeTarget;
			buildConfigurationList = 886163172924ABFB00906F3D /* Build configuration list for PBXNativeTarget "Calculator_AppTests" */;
			buildPhases = (
				8861630B2924ABFB00906F3D /* Sources */,
				8861630C2924ABFB00906F3D /* Frameworks */,
				8861630D2924ABFB00906F3D /* Resources */,
			);
			buildRules = (
			);
			dependencies = (
				886163142924ABFB00906F3D /* PBXTargetDependency */,
			);
			name = Calculator_AppTests;
			productName = Calculator_AppTests;
			productReference = 8861630F2924ABFB00906F3D /* Calculator_AppTests.xctest */;
			productType = "com.apple.product-type.bundle.unit-test";
		};
		88E5265C292386C800903A06 /* Calculator_App */ = {
			isa = PBXNativeTarget;
			buildConfigurationList = 88E52671292386C900903A06 /* Build configuration list for PBXNativeTarget "Calculator_App" */;
			buildPhases = (
				88E52659292386C800903A06 /* Sources */,
				88E5265A292386C800903A06 /* Frameworks */,
				88E5265B292386C800903A06 /* Resources */,
			);
			buildRules = (
			);
			dependencies = (
			);
			name = Calculator_App;
			productName = Calculator_App;
			productReference = 88E5265D292386C800903A06 /* Calculator_App.app */;
			productType = "com.apple.product-type.application";
		};
/* End PBXNativeTarget section */

/* Begin PBXProject section */
		88E52655292386C800903A06 /* Project object */ = {
			isa = PBXProject;
			attributes = {
				BuildIndependentTargetsInParallel = 1;
				LastSwiftUpdateCheck = 1400;
				LastUpgradeCheck = 1400;
				TargetAttributes = {
					8861630E2924ABFB00906F3D = {
						CreatedOnToolsVersion = 14.0;
						TestTargetID = 88E5265C292386C800903A06;
					};
					88E5265C292386C800903A06 = {
						CreatedOnToolsVersion = 14.0;
					};
				};
			};
			buildConfigurationList = 88E52658292386C800903A06 /* Build configuration list for PBXProject "Calculator_App" */;
			compatibilityVersion = "Xcode 14.0";
			developmentRegion = en;
			hasScannedForEncodings = 0;
			knownRegions = (
				en,
				Base,
			);
			mainGroup = 88E52654292386C800903A06;
			productRefGroup = 88E5265E292386C800903A06 /* Products */;
			projectDirPath = "";
			projectRoot = "";
			targets = (
				88E5265C292386C800903A06 /* Calculator_App */,
				8861630E2924ABFB00906F3D /* Calculator_AppTests */,
			);
		};
/* End PBXProject section */

/* Begin PBXResourcesBuildPhase section */
		8861630D2924ABFB00906F3D /* Resources */ = {
			isa = PBXResourcesBuildPhase;
			buildActionMask = 2147483647;
			files = (
			);
			runOnlyForDeploymentPostprocessing = 0;
		};
		88E5265B292386C800903A06 /* Resources */ = {
			isa = PBXResourcesBuildPhase;
			buildActionMask = 2147483647;
			files = (
				88E5266D292386C900903A06 /* LaunchScreen.storyboard in Resources */,
				88E5266A292386C900903A06 /* Assets.xcassets in Resources */,
				88E52668292386C800903A06 /* Main.storyboard in Resources */,
			);
			runOnlyForDeploymentPostprocessing = 0;
		};
/* End PBXResourcesBuildPhase section */

/* Begin PBXSourcesBuildPhase section */
		8861630B2924ABFB00906F3D /* Sources */ = {
			isa = PBXSourcesBuildPhase;
			buildActionMask = 2147483647;
			files = (
				886163122924ABFB00906F3D /* Calculator_AppTests.swift in Sources */,
			);
			runOnlyForDeploymentPostprocessing = 0;
		};
		88E52659292386C800903A06 /* Sources */ = {
			isa = PBXSourcesBuildPhase;
			buildActionMask = 2147483647;
			files = (
				886163192924AE3A00906F3D /* CustomButton.swift in Sources */,
				88E52665292386C800903A06 /* ViewController.swift in Sources */,
				88C677102926195E009860C4 /* OperationController.swift in Sources */,
				88C67712292619C0009860C4 /* InputModel.swift in Sources */,
				88E52661292386C800903A06 /* AppDelegate.swift in Sources */,
				8837088D29257C4400D7DC38 /* OperationType.swift in Sources */,
				88E52663292386C800903A06 /* SceneDelegate.swift in Sources */,
			);
			runOnlyForDeploymentPostprocessing = 0;
		};
/* End PBXSourcesBuildPhase section */

/* Begin PBXTargetDependency section */
		886163142924ABFB00906F3D /* PBXTargetDependency */ = {
			isa = PBXTargetDependency;
			target = 88E5265C292386C800903A06 /* Calculator_App */;
			targetProxy = 886163132924ABFB00906F3D /* PBXContainerItemProxy */;
		};
/* End PBXTargetDependency section */

/* Begin PBXVariantGroup section */
		88E52666292386C800903A06 /* Main.storyboard */ = {
			isa = PBXVariantGroup;
			children = (
				88E52667292386C800903A06 /* Base */,
			);
			name = Main.storyboard;
			sourceTree = "<group>";
		};
		88E5266B292386C900903A06 /* LaunchScreen.storyboard */ = {
			isa = PBXVariantGroup;
			children = (
				88E5266C292386C900903A06 /* Base */,
			);
			name = LaunchScreen.storyboard;
			sourceTree = "<group>";
		};
/* End PBXVariantGroup section */

/* Begin XCBuildConfiguration section */
		886163152924ABFB00906F3D /* Debug */ = {
			isa = XCBuildConfiguration;
			buildSettings = {
				BUNDLE_LOADER = "$(TEST_HOST)";
				CODE_SIGN_STYLE = Automatic;
				CURRENT_PROJECT_VERSION = 1;
				DEVELOPMENT_TEAM = D65Q8FDF5F;
				GENERATE_INFOPLIST_FILE = YES;
				MARKETING_VERSION = 1.0;
				PRODUCT_BUNDLE_IDENTIFIER = "com.sudhansh.Calculator-AppTests";
				PRODUCT_NAME = "$(TARGET_NAME)";
				SWIFT_EMIT_LOC_STRINGS = NO;
				SWIFT_VERSION = 5.0;
				TARGETED_DEVICE_FAMILY = "1,2";
				TEST_HOST = "$(BUILT_PRODUCTS_DIR)/Calculator_App.app/$(BUNDLE_EXECUTABLE_FOLDER_PATH)/Calculator_App";
			};
			name = Debug;
		};
		886163162924ABFB00906F3D /* Release */ = {
			isa = XCBuildConfiguration;
			buildSettings = {
				BUNDLE_LOADER = "$(TEST_HOST)";
				CODE_SIGN_STYLE = Automatic;
				CURRENT_PROJECT_VERSION = 1;
				DEVELOPMENT_TEAM = D65Q8FDF5F;
				GENERATE_INFOPLIST_FILE = YES;
				MARKETING_VERSION = 1.0;
				PRODUCT_BUNDLE_IDENTIFIER = "com.sudhansh.Calculator-AppTests";
				PRODUCT_NAME = "$(TARGET_NAME)";
				SWIFT_EMIT_LOC_STRINGS = NO;
				SWIFT_VERSION = 5.0;
				TARGETED_DEVICE_FAMILY = "1,2";
				TEST_HOST = "$(BUILT_PRODUCTS_DIR)/Calculator_App.app/$(BUNDLE_EXECUTABLE_FOLDER_PATH)/Calculator_App";
			};
			name = Release;
		};
		88E5266F292386C900903A06 /* Debug */ = {
			isa = XCBuildConfiguration;
			buildSettings = {
				ALWAYS_SEARCH_USER_PATHS = NO;
				CLANG_ANALYZER_NONNULL = YES;
				CLANG_ANALYZER_NUMBER_OBJECT_CONVERSION = YES_AGGRESSIVE;
				CLANG_CXX_LANGUAGE_STANDARD = "gnu++20";
				CLANG_ENABLE_MODULES = YES;
				CLANG_ENABLE_OBJC_ARC = YES;
				CLANG_ENABLE_OBJC_WEAK = YES;
				CLANG_WARN_BLOCK_CAPTURE_AUTORELEASING = YES;
				CLANG_WARN_BOOL_CONVERSION = YES;
				CLANG_WARN_COMMA = YES;
				CLANG_WARN_CONSTANT_CONVERSION = YES;
				CLANG_WARN_DEPRECATED_OBJC_IMPLEMENTATIONS = YES;
				CLANG_WARN_DIRECT_OBJC_ISA_USAGE = YES_ERROR;
				CLANG_WARN_DOCUMENTATION_COMMENTS = YES;
				CLANG_WARN_EMPTY_BODY = YES;
				CLANG_WARN_ENUM_CONVERSION = YES;
				CLANG_WARN_INFINITE_RECURSION = YES;
				CLANG_WARN_INT_CONVERSION = YES;
				CLANG_WARN_NON_LITERAL_NULL_CONVERSION = YES;
				CLANG_WARN_OBJC_IMPLICIT_RETAIN_SELF = YES;
				CLANG_WARN_OBJC_LITERAL_CONVERSION = YES;
				CLANG_WARN_OBJC_ROOT_CLASS = YES_ERROR;
				CLANG_WARN_QUOTED_INCLUDE_IN_FRAMEWORK_HEADER = YES;
				CLANG_WARN_RANGE_LOOP_ANALYSIS = YES;
				CLANG_WARN_STRICT_PROTOTYPES = YES;
				CLANG_WARN_SUSPICIOUS_MOVE = YES;
				CLANG_WARN_UNGUARDED_AVAILABILITY = YES_AGGRESSIVE;
				CLANG_WARN_UNREACHABLE_CODE = YES;
				CLANG_WARN__DUPLICATE_METHOD_MATCH = YES;
				COPY_PHASE_STRIP = NO;
				DEBUG_INFORMATION_FORMAT = dwarf;
				ENABLE_STRICT_OBJC_MSGSEND = YES;
				ENABLE_TESTABILITY = YES;
				GCC_C_LANGUAGE_STANDARD = gnu11;
				GCC_DYNAMIC_NO_PIC = NO;
				GCC_NO_COMMON_BLOCKS = YES;
				GCC_OPTIMIZATION_LEVEL = 0;
				GCC_PREPROCESSOR_DEFINITIONS = (
					"DEBUG=1",
					"$(inherited)",
				);
				GCC_WARN_64_TO_32_BIT_CONVERSION = YES;
				GCC_WARN_ABOUT_RETURN_TYPE = YES_ERROR;
				GCC_WARN_UNDECLARED_SELECTOR = YES;
				GCC_WARN_UNINITIALIZED_AUTOS = YES_AGGRESSIVE;
				GCC_WARN_UNUSED_FUNCTION = YES;
				GCC_WARN_UNUSED_VARIABLE = YES;
				IPHONEOS_DEPLOYMENT_TARGET = 16.0;
				MTL_ENABLE_DEBUG_INFO = INCLUDE_SOURCE;
				MTL_FAST_MATH = YES;
				ONLY_ACTIVE_ARCH = YES;
				SDKROOT = iphoneos;
				SWIFT_ACTIVE_COMPILATION_CONDITIONS = DEBUG;
				SWIFT_OPTIMIZATION_LEVEL = "-Onone";
			};
			name = Debug;
		};
		88E52670292386C900903A06 /* Release */ = {
			isa = XCBuildConfiguration;
			buildSettings = {
				ALWAYS_SEARCH_USER_PATHS = NO;
				CLANG_ANALYZER_NONNULL = YES;
				CLANG_ANALYZER_NUMBER_OBJECT_CONVERSION = YES_AGGRESSIVE;
				CLANG_CXX_LANGUAGE_STANDARD = "gnu++20";
				CLANG_ENABLE_MODULES = YES;
				CLANG_ENABLE_OBJC_ARC = YES;
				CLANG_ENABLE_OBJC_WEAK = YES;
				CLANG_WARN_BLOCK_CAPTURE_AUTORELEASING = YES;
				CLANG_WARN_BOOL_CONVERSION = YES;
				CLANG_WARN_COMMA = YES;
				CLANG_WARN_CONSTANT_CONVERSION = YES;
				CLANG_WARN_DEPRECATED_OBJC_IMPLEMENTATIONS = YES;
				CLANG_WARN_DIRECT_OBJC_ISA_USAGE = YES_ERROR;
				CLANG_WARN_DOCUMENTATION_COMMENTS = YES;
				CLANG_WARN_EMPTY_BODY = YES;
				CLANG_WARN_ENUM_CONVERSION = YES;
				CLANG_WARN_INFINITE_RECURSION = YES;
				CLANG_WARN_INT_CONVERSION = YES;
				CLANG_WARN_NON_LITERAL_NULL_CONVERSION = YES;
				CLANG_WARN_OBJC_IMPLICIT_RETAIN_SELF = YES;
				CLANG_WARN_OBJC_LITERAL_CONVERSION = YES;
				CLANG_WARN_OBJC_ROOT_CLASS = YES_ERROR;
				CLANG_WARN_QUOTED_INCLUDE_IN_FRAMEWORK_HEADER = YES;
				CLANG_WARN_RANGE_LOOP_ANALYSIS = YES;
				CLANG_WARN_STRICT_PROTOTYPES = YES;
				CLANG_WARN_SUSPICIOUS_MOVE = YES;
				CLANG_WARN_UNGUARDED_AVAILABILITY = YES_AGGRESSIVE;
				CLANG_WARN_UNREACHABLE_CODE = YES;
				CLANG_WARN__DUPLICATE_METHOD_MATCH = YES;
				COPY_PHASE_STRIP = NO;
				DEBUG_INFORMATION_FORMAT = "dwarf-with-dsym";
				ENABLE_NS_ASSERTIONS = NO;
				ENABLE_STRICT_OBJC_MSGSEND = YES;
				GCC_C_LANGUAGE_STANDARD = gnu11;
				GCC_NO_COMMON_BLOCKS = YES;
				GCC_WARN_64_TO_32_BIT_CONVERSION = YES;
				GCC_WARN_ABOUT_RETURN_TYPE = YES_ERROR;
				GCC_WARN_UNDECLARED_SELECTOR = YES;
				GCC_WARN_UNINITIALIZED_AUTOS = YES_AGGRESSIVE;
				GCC_WARN_UNUSED_FUNCTION = YES;
				GCC_WARN_UNUSED_VARIABLE = YES;
				IPHONEOS_DEPLOYMENT_TARGET = 16.0;
				MTL_ENABLE_DEBUG_INFO = NO;
				MTL_FAST_MATH = YES;
				SDKROOT = iphoneos;
				SWIFT_COMPILATION_MODE = wholemodule;
				SWIFT_OPTIMIZATION_LEVEL = "-O";
				VALIDATE_PRODUCT = YES;
			};
			name = Release;
		};
		88E52672292386C900903A06 /* Debug */ = {
			isa = XCBuildConfiguration;
			buildSettings = {
				ASSETCATALOG_COMPILER_APPICON_NAME = AppIcon;
				ASSETCATALOG_COMPILER_GLOBAL_ACCENT_COLOR_NAME = AccentColor;
				CODE_SIGN_STYLE = Automatic;
				CURRENT_PROJECT_VERSION = 1;
				DEVELOPMENT_TEAM = D65Q8FDF5F;
				GENERATE_INFOPLIST_FILE = YES;
				INFOPLIST_FILE = Calculator_App/Info.plist;
				INFOPLIST_KEY_UIApplicationSupportsIndirectInputEvents = YES;
				INFOPLIST_KEY_UILaunchStoryboardName = LaunchScreen;
				INFOPLIST_KEY_UIMainStoryboardFile = Main;
				INFOPLIST_KEY_UISupportedInterfaceOrientations_iPad = "UIInterfaceOrientationPortrait UIInterfaceOrientationPortraitUpsideDown UIInterfaceOrientationLandscapeLeft UIInterfaceOrientationLandscapeRight";
				INFOPLIST_KEY_UISupportedInterfaceOrientations_iPhone = "UIInterfaceOrientationPortrait UIInterfaceOrientationLandscapeLeft UIInterfaceOrientationLandscapeRight";
				LD_RUNPATH_SEARCH_PATHS = (
					"$(inherited)",
					"@executable_path/Frameworks",
				);
				MARKETING_VERSION = 1.0;
				PRODUCT_BUNDLE_IDENTIFIER = "com.sudhansh.Calculator-App";
				PRODUCT_NAME = "$(TARGET_NAME)";
				SWIFT_EMIT_LOC_STRINGS = YES;
				SWIFT_VERSION = 5.0;
				TARGETED_DEVICE_FAMILY = "1,2";
			};
			name = Debug;
		};
		88E52673292386C900903A06 /* Release */ = {
			isa = XCBuildConfiguration;
			buildSettings = {
				ASSETCATALOG_COMPILER_APPICON_NAME = AppIcon;
				ASSETCATALOG_COMPILER_GLOBAL_ACCENT_COLOR_NAME = AccentColor;
				CODE_SIGN_STYLE = Automatic;
				CURRENT_PROJECT_VERSION = 1;
				DEVELOPMENT_TEAM = 8C8297GG87;
				GENERATE_INFOPLIST_FILE = YES;
				INFOPLIST_FILE = Calculator_App/Info.plist;
				INFOPLIST_KEY_UIApplicationSupportsIndirectInputEvents = YES;
				INFOPLIST_KEY_UILaunchStoryboardName = LaunchScreen;
				INFOPLIST_KEY_UIMainStoryboardFile = Main;
				INFOPLIST_KEY_UISupportedInterfaceOrientations_iPad = "UIInterfaceOrientationPortrait UIInterfaceOrientationPortraitUpsideDown UIInterfaceOrientationLandscapeLeft UIInterfaceOrientationLandscapeRight";
				INFOPLIST_KEY_UISupportedInterfaceOrientations_iPhone = "UIInterfaceOrientationPortrait UIInterfaceOrientationLandscapeLeft UIInterfaceOrientationLandscapeRight";
				LD_RUNPATH_SEARCH_PATHS = (
					"$(inherited)",
					"@executable_path/Frameworks",
				);
				MARKETING_VERSION = 1.0;
				PRODUCT_BUNDLE_IDENTIFIER = "com.sudhansh.Calculator-App";
				PRODUCT_NAME = "$(TARGET_NAME)";
				SWIFT_EMIT_LOC_STRINGS = YES;
				SWIFT_VERSION = 5.0;
				TARGETED_DEVICE_FAMILY = "1,2";
			};
			name = Release;
		};
/* End XCBuildConfiguration section */

/* Begin XCConfigurationList section */
		886163172924ABFB00906F3D /* Build configuration list for PBXNativeTarget "Calculator_AppTests" */ = {
			isa = XCConfigurationList;
			buildConfigurations = (
				886163152924ABFB00906F3D /* Debug */,
				886163162924ABFB00906F3D /* Release */,
			);
			defaultConfigurationIsVisible = 0;
			defaultConfigurationName = Release;
		};
		88E52658292386C800903A06 /* Build configuration list for PBXProject "Calculator_App" */ = {
			isa = XCConfigurationList;
			buildConfigurations = (
				88E5266F292386C900903A06 /* Debug */,
				88E52670292386C900903A06 /* Release */,
			);
			defaultConfigurationIsVisible = 0;
			defaultConfigurationName = Release;
		};
		88E52671292386C900903A06 /* Build configuration list for PBXNativeTarget "Calculator_App" */ = {
			isa = XCConfigurationList;
			buildConfigurations = (
				88E52672292386C900903A06 /* Debug */,
				88E52673292386C900903A06 /* Release */,
			);
			defaultConfigurationIsVisible = 0;
			defaultConfigurationName = Release;
		};
/* End XCConfigurationList section */
	};
	rootObject = 88E52655292386C800903A06 /* Project object */;
}
